// !$*UTF8*$!
{
	archiveVersion = 1;
	classes = {
	};
	objectVersion = 46;
	objects = {

/* Begin PBXBuildFile section */
		17DDF2991E058791009EE354 /* AppDelegate.swift in Sources */ = {isa = PBXBuildFile; fileRef = 17DDF2981E058791009EE354 /* AppDelegate.swift */; };
		17DDF29B1E058791009EE354 /* GameScene.sks in Resources */ = {isa = PBXBuildFile; fileRef = 17DDF29A1E058791009EE354 /* GameScene.sks */; };
		17DDF29D1E058791009EE354 /* Actions.sks in Resources */ = {isa = PBXBuildFile; fileRef = 17DDF29C1E058791009EE354 /* Actions.sks */; };
		17DDF29F1E058791009EE354 /* GameScene.swift in Sources */ = {isa = PBXBuildFile; fileRef = 17DDF29E1E058791009EE354 /* GameScene.swift */; };
		17DDF2A11E058791009EE354 /* ViewController.swift in Sources */ = {isa = PBXBuildFile; fileRef = 17DDF2A01E058791009EE354 /* ViewController.swift */; };
		17DDF2A31E058791009EE354 /* Assets.xcassets in Resources */ = {isa = PBXBuildFile; fileRef = 17DDF2A21E058791009EE354 /* Assets.xcassets */; };
		17DDF2A61E058791009EE354 /* Main.storyboard in Resources */ = {isa = PBXBuildFile; fileRef = 17DDF2A41E058791009EE354 /* Main.storyboard */; };
		17DDF2B11E058791009EE354 /* AnimationThiefTests.swift in Sources */ = {isa = PBXBuildFile; fileRef = 17DDF2B01E058791009EE354 /* AnimationThiefTests.swift */; };
		17DDF2BC1E058791009EE354 /* AnimationThiefUITests.swift in Sources */ = {isa = PBXBuildFile; fileRef = 17DDF2BB1E058791009EE354 /* AnimationThiefUITests.swift */; };
/* End PBXBuildFile section */

/* Begin PBXContainerItemProxy section */
		17DDF2AD1E058791009EE354 /* PBXContainerItemProxy */ = {
			isa = PBXContainerItemProxy;
			containerPortal = 17DDF28D1E058791009EE354 /* Project object */;
			proxyType = 1;
			remoteGlobalIDString = 17DDF2941E058791009EE354;
			remoteInfo = AnimationThief;
		};
		17DDF2B81E058791009EE354 /* PBXContainerItemProxy */ = {
			isa = PBXContainerItemProxy;
			containerPortal = 17DDF28D1E058791009EE354 /* Project object */;
			proxyType = 1;
			remoteGlobalIDString = 17DDF2941E058791009EE354;
			remoteInfo = AnimationThief;
		};
/* End PBXContainerItemProxy section */

/* Begin PBXFileReference section */
		17DDF2951E058791009EE354 /* AnimationThief.app */ = {isa = PBXFileReference; explicitFileType = wrapper.application; includeInIndex = 0; path = AnimationThief.app; sourceTree = BUILT_PRODUCTS_DIR; };
		17DDF2981E058791009EE354 /* AppDelegate.swift */ = {isa = PBXFileReference; lastKnownFileType = sourcecode.swift; path = AppDelegate.swift; sourceTree = "<group>"; };
		17DDF29A1E058791009EE354 /* GameScene.sks */ = {isa = PBXFileReference; lastKnownFileType = file.sks; path = GameScene.sks; sourceTree = "<group>"; };
		17DDF29C1E058791009EE354 /* Actions.sks */ = {isa = PBXFileReference; lastKnownFileType = file.sks; path = Actions.sks; sourceTree = "<group>"; };
		17DDF29E1E058791009EE354 /* GameScene.swift */ = {isa = PBXFileReference; lastKnownFileType = sourcecode.swift; path = GameScene.swift; sourceTree = "<group>"; };
		17DDF2A01E058791009EE354 /* ViewController.swift */ = {isa = PBXFileReference; lastKnownFileType = sourcecode.swift; path = ViewController.swift; sourceTree = "<group>"; };
		17DDF2A21E058791009EE354 /* Assets.xcassets */ = {isa = PBXFileReference; lastKnownFileType = folder.assetcatalog; path = Assets.xcassets; sourceTree = "<group>"; };
		17DDF2A51E058791009EE354 /* Base */ = {isa = PBXFileReference; lastKnownFileType = file.storyboard; name = Base; path = Base.lproj/Main.storyboard; sourceTree = "<group>"; };
		17DDF2A71E058791009EE354 /* Info.plist */ = {isa = PBXFileReference; lastKnownFileType = text.plist.xml; path = Info.plist; sourceTree = "<group>"; };
		17DDF2AC1E058791009EE354 /* AnimationThiefTests.xctest */ = {isa = PBXFileReference; explicitFileType = wrapper.cfbundle; includeInIndex = 0; path = AnimationThiefTests.xctest; sourceTree = BUILT_PRODUCTS_DIR; };
		17DDF2B01E058791009EE354 /* AnimationThiefTests.swift */ = {isa = PBXFileReference; lastKnownFileType = sourcecode.swift; path = AnimationThiefTests.swift; sourceTree = "<group>"; };
		17DDF2B21E058791009EE354 /* Info.plist */ = {isa = PBXFileReference; lastKnownFileType = text.plist.xml; path = Info.plist; sourceTree = "<group>"; };
		17DDF2B71E058791009EE354 /* AnimationThiefUITests.xctest */ = {isa = PBXFileReference; explicitFileType = wrapper.cfbundle; includeInIndex = 0; path = AnimationThiefUITests.xctest; sourceTree = BUILT_PRODUCTS_DIR; };
		17DDF2BB1E058791009EE354 /* AnimationThiefUITests.swift */ = {isa = PBXFileReference; lastKnownFileType = sourcecode.swift; path = AnimationThiefUITests.swift; sourceTree = "<group>"; };
		17DDF2BD1E058791009EE354 /* Info.plist */ = {isa = PBXFileReference; lastKnownFileType = text.plist.xml; path = Info.plist; sourceTree = "<group>"; };
/* End PBXFileReference section */

/* Begin PBXFrameworksBuildPhase section */
		17DDF2921E058791009EE354 /* Frameworks */ = {
			isa = PBXFrameworksBuildPhase;
			buildActionMask = 2147483647;
			files = (
			);
			runOnlyForDeploymentPostprocessing = 0;
		};
		17DDF2A91E058791009EE354 /* Frameworks */ = {
			isa = PBXFrameworksBuildPhase;
			buildActionMask = 2147483647;
			files = (
			);
			runOnlyForDeploymentPostprocessing = 0;
		};
		17DDF2B41E058791009EE354 /* Frameworks */ = {
			isa = PBXFrameworksBuildPhase;
			buildActionMask = 2147483647;
			files = (
			);
			runOnlyForDeploymentPostprocessing = 0;
		};
/* End PBXFrameworksBuildPhase section */

/* Begin PBXGroup section */
		17DDF28C1E058791009EE354 = {
			isa = PBXGroup;
			children = (
				17DDF2971E058791009EE354 /* AnimationThief */,
				17DDF2AF1E058791009EE354 /* AnimationThiefTests */,
				17DDF2BA1E058791009EE354 /* AnimationThiefUITests */,
				17DDF2961E058791009EE354 /* Products */,
			);
			sourceTree = "<group>";
		};
		17DDF2961E058791009EE354 /* Products */ = {
			isa = PBXGroup;
			children = (
				17DDF2951E058791009EE354 /* AnimationThief.app */,
				17DDF2AC1E058791009EE354 /* AnimationThiefTests.xctest */,
				17DDF2B71E058791009EE354 /* AnimationThiefUITests.xctest */,
			);
			name = Products;
			sourceTree = "<group>";
		};
		17DDF2971E058791009EE354 /* AnimationThief */ = {
			isa = PBXGroup;
			children = (
				17DDF2981E058791009EE354 /* AppDelegate.swift */,
				17DDF29A1E058791009EE354 /* GameScene.sks */,
				17DDF29C1E058791009EE354 /* Actions.sks */,
				17DDF29E1E058791009EE354 /* GameScene.swift */,
				17DDF2A01E058791009EE354 /* ViewController.swift */,
				17DDF2A21E058791009EE354 /* Assets.xcassets */,
				17DDF2A41E058791009EE354 /* Main.storyboard */,
				17DDF2A71E058791009EE354 /* Info.plist */,
			);
			path = AnimationThief;
			sourceTree = "<group>";
		};
		17DDF2AF1E058791009EE354 /* AnimationThiefTests */ = {
			isa = PBXGroup;
			children = (
				17DDF2B01E058791009EE354 /* AnimationThiefTests.swift */,
				17DDF2B21E058791009EE354 /* Info.plist */,
			);
			path = AnimationThiefTests;
			sourceTree = "<group>";
		};
		17DDF2BA1E058791009EE354 /* AnimationThiefUITests */ = {
			isa = PBXGroup;
			children = (
				17DDF2BB1E058791009EE354 /* AnimationThiefUITests.swift */,
				17DDF2BD1E058791009EE354 /* Info.plist */,
			);
			path = AnimationThiefUITests;
			sourceTree = "<group>";
		};
/* End PBXGroup section */

/* Begin PBXNativeTarget section */
		17DDF2941E058791009EE354 /* AnimationThief */ = {
			isa = PBXNativeTarget;
			buildConfigurationList = 17DDF2C01E058791009EE354 /* Build configuration list for PBXNativeTarget "AnimationThief" */;
			buildPhases = (
				17DDF2911E058791009EE354 /* Sources */,
				17DDF2921E058791009EE354 /* Frameworks */,
				17DDF2931E058791009EE354 /* Resources */,
			);
			buildRules = (
			);
			dependencies = (
			);
			name = AnimationThief;
			productName = AnimationThief;
			productReference = 17DDF2951E058791009EE354 /* AnimationThief.app */;
			productType = "com.apple.product-type.application";
		};
		17DDF2AB1E058791009EE354 /* AnimationThiefTests */ = {
			isa = PBXNativeTarget;
			buildConfigurationList = 17DDF2C31E058791009EE354 /* Build configuration list for PBXNativeTarget "AnimationThiefTests" */;
			buildPhases = (
				17DDF2A81E058791009EE354 /* Sources */,
				17DDF2A91E058791009EE354 /* Frameworks */,
				17DDF2AA1E058791009EE354 /* Resources */,
			);
			buildRules = (
			);
			dependencies = (
				17DDF2AE1E058791009EE354 /* PBXTargetDependency */,
			);
			name = AnimationThiefTests;
			productName = AnimationThiefTests;
			productReference = 17DDF2AC1E058791009EE354 /* AnimationThiefTests.xctest */;
			productType = "com.apple.product-type.bundle.unit-test";
		};
		17DDF2B61E058791009EE354 /* AnimationThiefUITests */ = {
			isa = PBXNativeTarget;
			buildConfigurationList = 17DDF2C61E058791009EE354 /* Build configuration list for PBXNativeTarget "AnimationThiefUITests" */;
			buildPhases = (
				17DDF2B31E058791009EE354 /* Sources */,
				17DDF2B41E058791009EE354 /* Frameworks */,
				17DDF2B51E058791009EE354 /* Resources */,
			);
			buildRules = (
			);
			dependencies = (
				17DDF2B91E058791009EE354 /* PBXTargetDependency */,
			);
			name = AnimationThiefUITests;
			productName = AnimationThiefUITests;
			productReference = 17DDF2B71E058791009EE354 /* AnimationThiefUITests.xctest */;
			productType = "com.apple.product-type.bundle.ui-testing";
		};
/* End PBXNativeTarget section */

/* Begin PBXProject section */
		17DDF28D1E058791009EE354 /* Project object */ = {
			isa = PBXProject;
			attributes = {
				LastSwiftUpdateCheck = 0820;
				LastUpgradeCheck = 0820;
				ORGANIZATIONNAME = "Bla Inc.";
				TargetAttributes = {
					17DDF2941E058791009EE354 = {
						CreatedOnToolsVersion = 8.2;
						DevelopmentTeam = Q3W9RH2H97;
						ProvisioningStyle = Automatic;
					};
					17DDF2AB1E058791009EE354 = {
						CreatedOnToolsVersion = 8.2;
						DevelopmentTeam = Q3W9RH2H97;
						ProvisioningStyle = Automatic;
						TestTargetID = 17DDF2941E058791009EE354;
					};
					17DDF2B61E058791009EE354 = {
						CreatedOnToolsVersion = 8.2;
						DevelopmentTeam = Q3W9RH2H97;
						ProvisioningStyle = Automatic;
						TestTargetID = 17DDF2941E058791009EE354;
					};
				};
			};
			buildConfigurationList = 17DDF2901E058791009EE354 /* Build configuration list for PBXProject "AnimationThief" */;
			compatibilityVersion = "Xcode 3.2";
			developmentRegion = English;
			hasScannedForEncodings = 0;
			knownRegions = (
				en,
				Base,
			);
			mainGroup = 17DDF28C1E058791009EE354;
			productRefGroup = 17DDF2961E058791009EE354 /* Products */;
			projectDirPath = "";
			projectRoot = "";
			targets = (
				17DDF2941E058791009EE354 /* AnimationThief */,
				17DDF2AB1E058791009EE354 /* AnimationThiefTests */,
				17DDF2B61E058791009EE354 /* AnimationThiefUITests */,
			);
		};
/* End PBXProject section */

/* Begin PBXResourcesBuildPhase section */
		17DDF2931E058791009EE354 /* Resources */ = {
			isa = PBXResourcesBuildPhase;
			buildActionMask = 2147483647;
			files = (
				17DDF29B1E058791009EE354 /* GameScene.sks in Resources */,
				17DDF2A31E058791009EE354 /* Assets.xcassets in Resources */,
				17DDF29D1E058791009EE354 /* Actions.sks in Resources */,
				17DDF2A61E058791009EE354 /* Main.storyboard in Resources */,
			);
			runOnlyForDeploymentPostprocessing = 0;
		};
		17DDF2AA1E058791009EE354 /* Resources */ = {
			isa = PBXResourcesBuildPhase;
			buildActionMask = 2147483647;
			files = (
			);
			runOnlyForDeploymentPostprocessing = 0;
		};
		17DDF2B51E058791009EE354 /* Resources */ = {
			isa = PBXResourcesBuildPhase;
			buildActionMask = 2147483647;
			files = (
			);
			runOnlyForDeploymentPostprocessing = 0;
		};
/* End PBXResourcesBuildPhase section */

/* Begin PBXSourcesBuildPhase section */
		17DDF2911E058791009EE354 /* Sources */ = {
			isa = PBXSourcesBuildPhase;
			buildActionMask = 2147483647;
			files = (
				17DDF2A11E058791009EE354 /* ViewController.swift in Sources */,
				17DDF29F1E058791009EE354 /* GameScene.swift in Sources */,
				17DDF2991E058791009EE354 /* AppDelegate.swift in Sources */,
			);
			runOnlyForDeploymentPostprocessing = 0;
		};
		17DDF2A81E058791009EE354 /* Sources */ = {
			isa = PBXSourcesBuildPhase;
			buildActionMask = 2147483647;
			files = (
				17DDF2B11E058791009EE354 /* AnimationThiefTests.swift in Sources */,
			);
			runOnlyForDeploymentPostprocessing = 0;
		};
		17DDF2B31E058791009EE354 /* Sources */ = {
			isa = PBXSourcesBuildPhase;
			buildActionMask = 2147483647;
			files = (
				17DDF2BC1E058791009EE354 /* AnimationThiefUITests.swift in Sources */,
			);
			runOnlyForDeploymentPostprocessing = 0;
		};
/* End PBXSourcesBuildPhase section */

/* Begin PBXTargetDependency section */
		17DDF2AE1E058791009EE354 /* PBXTargetDependency */ = {
			isa = PBXTargetDependency;
			target = 17DDF2941E058791009EE354 /* AnimationThief */;
			targetProxy = 17DDF2AD1E058791009EE354 /* PBXContainerItemProxy */;
		};
		17DDF2B91E058791009EE354 /* PBXTargetDependency */ = {
			isa = PBXTargetDependency;
			target = 17DDF2941E058791009EE354 /* AnimationThief */;
			targetProxy = 17DDF2B81E058791009EE354 /* PBXContainerItemProxy */;
		};
/* End PBXTargetDependency section */

/* Begin PBXVariantGroup section */
		17DDF2A41E058791009EE354 /* Main.storyboard */ = {
			isa = PBXVariantGroup;
			children = (
				17DDF2A51E058791009EE354 /* Base */,
			);
			name = Main.storyboard;
			sourceTree = "<group>";
		};
/* End PBXVariantGroup section */

/* Begin XCBuildConfiguration section */
		17DDF2BE1E058791009EE354 /* Debug */ = {
			isa = XCBuildConfiguration;
			buildSettings = {
				ALWAYS_SEARCH_USER_PATHS = NO;
				CLANG_ANALYZER_NONNULL = YES;
				CLANG_CXX_LANGUAGE_STANDARD = "gnu++0x";
				CLANG_CXX_LIBRARY = "libc++";
				CLANG_ENABLE_MODULES = YES;
				CLANG_ENABLE_OBJC_ARC = YES;
				CLANG_WARN_BOOL_CONVERSION = YES;
				CLANG_WARN_CONSTANT_CONVERSION = YES;
				CLANG_WARN_DIRECT_OBJC_ISA_USAGE = YES_ERROR;
				CLANG_WARN_DOCUMENTATION_COMMENTS = YES;
				CLANG_WARN_EMPTY_BODY = YES;
				CLANG_WARN_ENUM_CONVERSION = YES;
				CLANG_WARN_INFINITE_RECURSION = YES;
				CLANG_WARN_INT_CONVERSION = YES;
				CLANG_WARN_OBJC_ROOT_CLASS = YES_ERROR;
				CLANG_WARN_SUSPICIOUS_MOVE = YES;
				CLANG_WARN_UNREACHABLE_CODE = YES;
				CLANG_WARN__DUPLICATE_METHOD_MATCH = YES;
				CODE_SIGN_IDENTITY = "-";
				COPY_PHASE_STRIP = NO;
				DEBUG_INFORMATION_FORMAT = dwarf;
				ENABLE_STRICT_OBJC_MSGSEND = YES;
				ENABLE_TESTABILITY = YES;
				GCC_C_LANGUAGE_STANDARD = gnu99;
				GCC_DYNAMIC_NO_PIC = NO;
				GCC_NO_COMMON_BLOCKS = YES;
				GCC_OPTIMIZATION_LEVEL = 0;
				GCC_PREPROCESSOR_DEFINITIONS = (
					"DEBUG=1",
					"$(inherited)",
				);
				GCC_WARN_64_TO_32_BIT_CONVERSION = YES;
				GCC_WARN_ABOUT_RETURN_TYPE = YES_ERROR;
				GCC_WARN_UNDECLARED_SELECTOR = YES;
				GCC_WARN_UNINITIALIZED_AUTOS = YES_AGGRESSIVE;
				GCC_WARN_UNUSED_FUNCTION = YES;
				GCC_WARN_UNUSED_VARIABLE = YES;
				MACOSX_DEPLOYMENT_TARGET = 10.12;
				MTL_ENABLE_DEBUG_INFO = YES;
				ONLY_ACTIVE_ARCH = YES;
				SDKROOT = macosx;
				SWIFT_ACTIVE_COMPILATION_CONDITIONS = DEBUG;
				SWIFT_OPTIMIZATION_LEVEL = "-Onone";
			};
			name = Debug;
		};
		17DDF2BF1E058791009EE354 /* Release */ = {
			isa = XCBuildConfiguration;
			buildSettings = {
				ALWAYS_SEARCH_USER_PATHS = NO;
				CLANG_ANALYZER_NONNULL = YES;
				CLANG_CXX_LANGUAGE_STANDARD = "gnu++0x";
				CLANG_CXX_LIBRARY = "libc++";
				CLANG_ENABLE_MODULES = YES;
				CLANG_ENABLE_OBJC_ARC = YES;
				CLANG_WARN_BOOL_CONVERSION = YES;
				CLANG_WARN_CONSTANT_CONVERSION = YES;
				CLANG_WARN_DIRECT_OBJC_ISA_USAGE = YES_ERROR;
				CLANG_WARN_DOCUMENTATION_COMMENTS = YES;
				CLANG_WARN_EMPTY_BODY = YES;
				CLANG_WARN_ENUM_CONVERSION = YES;
				CLANG_WARN_INFINITE_RECURSION = YES;
				CLANG_WARN_INT_CONVERSION = YES;
				CLANG_WARN_OBJC_ROOT_CLASS = YES_ERROR;
				CLANG_WARN_SUSPICIOUS_MOVE = YES;
				CLANG_WARN_UNREACHABLE_CODE = YES;
				CLANG_WARN__DUPLICATE_METHOD_MATCH = YES;
				CODE_SIGN_IDENTITY = "-";
				COPY_PHASE_STRIP = NO;
				DEBUG_INFORMATION_FORMAT = "dwarf-with-dsym";
				ENABLE_NS_ASSERTIONS = NO;
				ENABLE_STRICT_OBJC_MSGSEND = YES;
				GCC_C_LANGUAGE_STANDARD = gnu99;
				GCC_NO_COMMON_BLOCKS = YES;
				GCC_WARN_64_TO_32_BIT_CONVERSION = YES;
				GCC_WARN_ABOUT_RETURN_TYPE = YES_ERROR;
				GCC_WARN_UNDECLARED_SELECTOR = YES;
				GCC_WARN_UNINITIALIZED_AUTOS = YES_AGGRESSIVE;
				GCC_WARN_UNUSED_FUNCTION = YES;
				GCC_WARN_UNUSED_VARIABLE = YES;
				MACOSX_DEPLOYMENT_TARGET = 10.12;
				MTL_ENABLE_DEBUG_INFO = NO;
				SDKROOT = macosx;
				SWIFT_OPTIMIZATION_LEVEL = "-Owholemodule";
			};
			name = Release;
		};
		17DDF2C11E058791009EE354 /* Debug */ = {
			isa = XCBuildConfiguration;
			buildSettings = {
				ASSETCATALOG_COMPILER_APPICON_NAME = AppIcon;
				COMBINE_HIDPI_IMAGES = YES;
				DEVELOPMENT_TEAM = Q3W9RH2H97;
				INFOPLIST_FILE = AnimationThief/Info.plist;
				LD_RUNPATH_SEARCH_PATHS = "$(inherited) @executable_path/../Frameworks";
				PRODUCT_BUNDLE_IDENTIFIER = bla.AnimationThief;
				PRODUCT_NAME = "$(TARGET_NAME)";
				SWIFT_VERSION = 3.0;
			};
			name = Debug;
		};
		17DDF2C21E058791009EE354 /* Release */ = {
			isa = XCBuildConfiguration;
			buildSettings = {
				ASSETCATALOG_COMPILER_APPICON_NAME = AppIcon;
				COMBINE_HIDPI_IMAGES = YES;
				DEVELOPMENT_TEAM = Q3W9RH2H97;
				INFOPLIST_FILE = AnimationThief/Info.plist;
				LD_RUNPATH_SEARCH_PATHS = "$(inherited) @executable_path/../Frameworks";
				PRODUCT_BUNDLE_IDENTIFIER = bla.AnimationThief;
				PRODUCT_NAME = "$(TARGET_NAME)";
				SWIFT_VERSION = 3.0;
			};
			name = Release;
		};
		17DDF2C41E058791009EE354 /* Debug */ = {
			isa = XCBuildConfiguration;
			buildSettings = {
				ALWAYS_EMBED_SWIFT_STANDARD_LIBRARIES = YES;
				BUNDLE_LOADER = "$(TEST_HOST)";
				COMBINE_HIDPI_IMAGES = YES;
				DEVELOPMENT_TEAM = Q3W9RH2H97;
				INFOPLIST_FILE = AnimationThiefTests/Info.plist;
				LD_RUNPATH_SEARCH_PATHS = "$(inherited) @executable_path/../Frameworks @loader_path/../Frameworks";
				PRODUCT_BUNDLE_IDENTIFIER = bla.AnimationThiefTests;
				PRODUCT_NAME = "$(TARGET_NAME)";
				SWIFT_VERSION = 3.0;
				TEST_HOST = "$(BUILT_PRODUCTS_DIR)/AnimationThief.app/Contents/MacOS/AnimationThief";
			};
			name = Debug;
		};
		17DDF2C51E058791009EE354 /* Release */ = {
			isa = XCBuildConfiguration;
			buildSettings = {
				ALWAYS_EMBED_SWIFT_STANDARD_LIBRARIES = YES;
				BUNDLE_LOADER = "$(TEST_HOST)";
				COMBINE_HIDPI_IMAGES = YES;
				DEVELOPMENT_TEAM = Q3W9RH2H97;
				INFOPLIST_FILE = AnimationThiefTests/Info.plist;
				LD_RUNPATH_SEARCH_PATHS = "$(inherited) @executable_path/../Frameworks @loader_path/../Frameworks";
				PRODUCT_BUNDLE_IDENTIFIER = bla.AnimationThiefTests;
				PRODUCT_NAME = "$(TARGET_NAME)";
				SWIFT_VERSION = 3.0;
				TEST_HOST = "$(BUILT_PRODUCTS_DIR)/AnimationThief.app/Contents/MacOS/AnimationThief";
			};
			name = Release;
		};
		17DDF2C71E058791009EE354 /* Debug */ = {
			isa = XCBuildConfiguration;
			buildSettings = {
				ALWAYS_EMBED_SWIFT_STANDARD_LIBRARIES = YES;
				COMBINE_HIDPI_IMAGES = YES;
				DEVELOPMENT_TEAM = Q3W9RH2H97;
				INFOPLIST_FILE = AnimationThiefUITests/Info.plist;
				LD_RUNPATH_SEARCH_PATHS = "$(inherited) @executable_path/../Frameworks @loader_path/../Frameworks";
				PRODUCT_BUNDLE_IDENTIFIER = bla.AnimationThiefUITests;
				PRODUCT_NAME = "$(TARGET_NAME)";
				SWIFT_VERSION = 3.0;
				TEST_TARGET_NAME = AnimationThief;
			};
			name = Debug;
		};
		17DDF2C81E058791009EE354 /* Release */ = {
			isa = XCBuildConfiguration;
			buildSettings = {
				ALWAYS_EMBED_SWIFT_STANDARD_LIBRARIES = YES;
				COMBINE_HIDPI_IMAGES = YES;
				DEVELOPMENT_TEAM = Q3W9RH2H97;
				INFOPLIST_FILE = AnimationThiefUITests/Info.plist;
				LD_RUNPATH_SEARCH_PATHS = "$(inherited) @executable_path/../Frameworks @loader_path/../Frameworks";
				PRODUCT_BUNDLE_IDENTIFIER = bla.AnimationThiefUITests;
				PRODUCT_NAME = "$(TARGET_NAME)";
				SWIFT_VERSION = 3.0;
				TEST_TARGET_NAME = AnimationThief;
			};
			name = Release;
		};
/* End XCBuildConfiguration section */

/* Begin XCConfigurationList section */
		17DDF2901E058791009EE354 /* Build configuration list for PBXProject "AnimationThief" */ = {
			isa = XCConfigurationList;
			buildConfigurations = (
				17DDF2BE1E058791009EE354 /* Debug */,
				17DDF2BF1E058791009EE354 /* Release */,
			);
			defaultConfigurationIsVisible = 0;
			defaultConfigurationName = Release;
		};
		17DDF2C01E058791009EE354 /* Build configuration list for PBXNativeTarget "AnimationThief" */ = {
			isa = XCConfigurationList;
			buildConfigurations = (
				17DDF2C11E058791009EE354 /* Debug */,
				17DDF2C21E058791009EE354 /* Release */,
			);
			defaultConfigurationIsVisible = 0;
		};
		17DDF2C31E058791009EE354 /* Build configuration list for PBXNativeTarget "AnimationThiefTests" */ = {
			isa = XCConfigurationList;
			buildConfigurations = (
				17DDF2C41E058791009EE354 /* Debug */,
				17DDF2C51E058791009EE354 /* Release */,
			);
			defaultConfigurationIsVisible = 0;
		};
		17DDF2C61E058791009EE354 /* Build configuration list for PBXNativeTarget "AnimationThiefUITests" */ = {
			isa = XCConfigurationList;
			buildConfigurations = (
				17DDF2C71E058791009EE354 /* Debug */,
				17DDF2C81E058791009EE354 /* Release */,
			);
			defaultConfigurationIsVisible = 0;
		};
/* End XCConfigurationList section */
	};
	rootObject = 17DDF28D1E058791009EE354 /* Project object */;
}
